
Microsoft Visual Studio Solution File, Format Version 12.00
# Visual Studio Version 17
VisualStudioVersion = 17.10.34814.14
MinimumVisualStudioVersion = 10.0.40219.1
Project("{FAE04EC0-301F-11D3-BF4B-00C04F79EFBC}") = "create-nested-tables-in-a-pdf", "create-nested-tables-in-a-pdf.csproj", "{7BF6B169-264A-4C30-8B50-96DC2037692B}"
EndProject
Global
	GlobalSection(SolutionConfigurationPlatforms) = preSolution
		Debug|Any CPU = Debug|Any CPU
		Release|Any CPU = Release|Any CPU
	EndGlobalSection
	GlobalSection(ProjectConfigurationPlatforms) = postSolution
		{7BF6B169-264A-4C30-8B50-96DC2037692B}.Debug|Any CPU.ActiveCfg = Debug|Any CPU
		{7BF6B169-264A-4C30-8B50-96DC2037692B}.Debug|Any CPU.Build.0 = Debug|Any CPU
		{7BF6B169-264A-4C30-8B50-96DC2037692B}.Release|Any CPU.ActiveCfg = Release|Any CPU
		{7BF6B169-264A-4C30-8B50-96DC2037692B}.Release|Any CPU.Build.0 = Release|Any CPU
	EndGlobalSection
	GlobalSection(SolutionProperties) = preSolution
		HideSolutionNode = FALSE
	EndGlobalSection
	GlobalSection(ExtensibilityGlobals) = postSolution
		SolutionGuid = {ACA00296-364F-4ECE-B9A4-6781941E9857}
	EndGlobalSection
EndGlobal
