
Microsoft Visual Studio Solution File, Format Version 12.00
# Visual Studio Version 17
VisualStudioVersion = 17.10.34814.14
MinimumVisualStudioVersion = 10.0.40219.1
Project("{FAE04EC0-301F-11D3-BF4B-00C04F79EFBC}") = "paginating-table-across-multiple-pages", "paginating-table-across-multiple-pages.csproj", "{7BD4819F-D17B-4986-92D0-27ABE348F598}"
EndProject
Global
	GlobalSection(SolutionConfigurationPlatforms) = preSolution
		Debug|Any CPU = Debug|Any CPU
		Release|Any CPU = Release|Any CPU
	EndGlobalSection
	GlobalSection(ProjectConfigurationPlatforms) = postSolution
		{7BD4819F-D17B-4986-92D0-27ABE348F598}.Debug|Any CPU.ActiveCfg = Debug|Any CPU
		{7BD4819F-D17B-4986-92D0-27ABE348F598}.Debug|Any CPU.Build.0 = Debug|Any CPU
		{7BD4819F-D17B-4986-92D0-27ABE348F598}.Release|Any CPU.ActiveCfg = Release|Any CPU
		{7BD4819F-D17B-4986-92D0-27ABE348F598}.Release|Any CPU.Build.0 = Release|Any CPU
	EndGlobalSection
	GlobalSection(SolutionProperties) = preSolution
		HideSolutionNode = FALSE
	EndGlobalSection
	GlobalSection(ExtensibilityGlobals) = postSolution
		SolutionGuid = {19E91ED1-736D-46B0-AA66-A823370A2E8D}
	EndGlobalSection
EndGlobal
